// !$*UTF8*$!
{
	archiveVersion = 1;
	classes = {
	};
	objectVersion = 50;
	objects = {

/* Begin PBXBuildFile section */
		BD03AF81256215BE00636DDE /* UserBlob.json in Resources */ = {isa = PBXBuildFile; fileRef = BD03AF80256215BE00636DDE /* UserBlob.json */; };
		BD03AF852562204900636DDE /* User.swift in Sources */ = {isa = PBXBuildFile; fileRef = BD03AF842562204900636DDE /* User.swift */; };
		BD03AF952562281800636DDE /* CartResource.swift in Sources */ = {isa = PBXBuildFile; fileRef = BD03AF942562281800636DDE /* CartResource.swift */; };
		BD03AF9B2562282400636DDE /* UserResource.swift in Sources */ = {isa = PBXBuildFile; fileRef = BD03AF9A2562282400636DDE /* UserResource.swift */; };
		BD0B08E32517F96400F9B3A9 /* ProductDescription.swift in Sources */ = {isa = PBXBuildFile; fileRef = BD0B08E22517F96300F9B3A9 /* ProductDescription.swift */; };
		BD0B08E72519BE8400F9B3A9 /* CartModel.swift in Sources */ = {isa = PBXBuildFile; fileRef = BD0B08E62519BE8400F9B3A9 /* CartModel.swift */; };
		BD4CA2F5255BA8D6007AE3E5 /* Cart.swift in Sources */ = {isa = PBXBuildFile; fileRef = BD4CA2F4255BA8D6007AE3E5 /* Cart.swift */; };
		BD527718251B02D5002CE217 /* AsyncImage.swift in Sources */ = {isa = PBXBuildFile; fileRef = BD527717251B02D5002CE217 /* AsyncImage.swift */; };
		BD7AF9D324E9B5BB00450FC1 /* PLPTask.swift in Sources */ = {isa = PBXBuildFile; fileRef = BD7AF9D224E9B5BB00450FC1 /* PLPTask.swift */; };
		BD7AF9D724EA0DB400450FC1 /* ImageCache.swift in Sources */ = {isa = PBXBuildFile; fileRef = BD7AF9D624EA0DB400450FC1 /* ImageCache.swift */; };
		BD7AF9DB24FB6C0600450FC1 /* Account.swift in Sources */ = {isa = PBXBuildFile; fileRef = BD7AF9DA24FB6C0600450FC1 /* Account.swift */; };
		BD9A14E52545977F00785712 /* AccountManager.swift in Sources */ = {isa = PBXBuildFile; fileRef = BD9A14E42545977F00785712 /* AccountManager.swift */; };
		BD9A14EA25459D0200785712 /* Launch.swift in Sources */ = {isa = PBXBuildFile; fileRef = BD9A14E925459D0200785712 /* Launch.swift */; };
		BD9A14F125459E9600785712 /* SignIn.swift in Sources */ = {isa = PBXBuildFile; fileRef = BD9A14F025459E9600785712 /* SignIn.swift */; };
		BDA1E2F124E0E418005EB4ED /* PLPViewModel.swift in Sources */ = {isa = PBXBuildFile; fileRef = BDA1E2F024E0E418005EB4ED /* PLPViewModel.swift */; };
		BDA1E2F324E0E5EA005EB4ED /* PLPItemView.swift in Sources */ = {isa = PBXBuildFile; fileRef = BDA1E2F224E0E5EA005EB4ED /* PLPItemView.swift */; };
		BDA1E2F524E0EA4F005EB4ED /* PLPProduct.swift in Sources */ = {isa = PBXBuildFile; fileRef = BDA1E2F424E0EA4F005EB4ED /* PLPProduct.swift */; };
		BDB4CD7A24D66D370018A141 /* AppMain.swift in Sources */ = {isa = PBXBuildFile; fileRef = BDB4CD7924D66D370018A141 /* AppMain.swift */; };
		BDB4CD7E24D66D370018A141 /* ContentView.swift in Sources */ = {isa = PBXBuildFile; fileRef = BDB4CD7D24D66D370018A141 /* ContentView.swift */; };
		BDB4CD8024D66D3B0018A141 /* Assets.xcassets in Resources */ = {isa = PBXBuildFile; fileRef = BDB4CD7F24D66D3B0018A141 /* Assets.xcassets */; };
		BDB4CD8324D66D3B0018A141 /* Preview Assets.xcassets in Resources */ = {isa = PBXBuildFile; fileRef = BDB4CD8224D66D3B0018A141 /* Preview Assets.xcassets */; };
		BDB4CD8624D66D3B0018A141 /* LaunchScreen.storyboard in Resources */ = {isa = PBXBuildFile; fileRef = BDB4CD8424D66D3B0018A141 /* LaunchScreen.storyboard */; };
		BDB4CD9124D66D3B0018A141 /* KvShoppingInSwifUITests.swift in Sources */ = {isa = PBXBuildFile; fileRef = BDB4CD9024D66D3B0018A141 /* KvShoppingInSwifUITests.swift */; };
		BDB4CDA024D66D9C0018A141 /* PLPView.swift in Sources */ = {isa = PBXBuildFile; fileRef = BDB4CD9F24D66D9C0018A141 /* PLPView.swift */; };
		BDB4CDA224D66DA80018A141 /* PDPView.swift in Sources */ = {isa = PBXBuildFile; fileRef = BDB4CDA124D66DA80018A141 /* PDPView.swift */; };
		BDB4CDA424D66DCF0018A141 /* ShoppingBrowse.swift in Sources */ = {isa = PBXBuildFile; fileRef = BDB4CDA324D66DCF0018A141 /* ShoppingBrowse.swift */; };
		BDB4CDA624D66DE20018A141 /* CartView.swift in Sources */ = {isa = PBXBuildFile; fileRef = BDB4CDA524D66DE20018A141 /* CartView.swift */; };
		BDB4CDA824D66DED0018A141 /* Checkout.swift in Sources */ = {isa = PBXBuildFile; fileRef = BDB4CDA724D66DED0018A141 /* Checkout.swift */; };
		BDE8CA2725073C72000F21DA /* ImageCarousel.swift in Sources */ = {isa = PBXBuildFile; fileRef = BDE8CA2625073C72000F21DA /* ImageCarousel.swift */; };
		BDE8CA29250DAB9A000F21DA /* ProductPlacard.swift in Sources */ = {isa = PBXBuildFile; fileRef = BDE8CA28250DAB9A000F21DA /* ProductPlacard.swift */; };
		BDE8CA2B250DABA9000F21DA /* QuantityPicker.swift in Sources */ = {isa = PBXBuildFile; fileRef = BDE8CA2A250DABA9000F21DA /* QuantityPicker.swift */; };
		BDE8CA2D250DABB2000F21DA /* ColorSelector.swift in Sources */ = {isa = PBXBuildFile; fileRef = BDE8CA2C250DABB2000F21DA /* ColorSelector.swift */; };
		BDE8CA2F250DABBA000F21DA /* SizeSelector.swift in Sources */ = {isa = PBXBuildFile; fileRef = BDE8CA2E250DABBA000F21DA /* SizeSelector.swift */; };
		BDE8CA31250DABCE000F21DA /* AddToCartView.swift in Sources */ = {isa = PBXBuildFile; fileRef = BDE8CA30250DABCE000F21DA /* AddToCartView.swift */; };
		BDE8CA33250DAE94000F21DA /* PDPTask.swift in Sources */ = {isa = PBXBuildFile; fileRef = BDE8CA32250DAE94000F21DA /* PDPTask.swift */; };
		BDE8CA35250DAECE000F21DA /* PDPProduct.swift in Sources */ = {isa = PBXBuildFile; fileRef = BDE8CA34250DAECE000F21DA /* PDPProduct.swift */; };
/* End PBXBuildFile section */

/* Begin PBXContainerItemProxy section */
		BDB4CD8D24D66D3B0018A141 /* PBXContainerItemProxy */ = {
			isa = PBXContainerItemProxy;
			containerPortal = BDB4CD6E24D66D370018A141 /* Project object */;
			proxyType = 1;
			remoteGlobalIDString = BDB4CD7524D66D370018A141;
			remoteInfo = KvShoppingInSwifUI;
		};
/* End PBXContainerItemProxy section */

/* Begin PBXFileReference section */
		BD03AF80256215BE00636DDE /* UserBlob.json */ = {isa = PBXFileReference; lastKnownFileType = text.json; path = UserBlob.json; sourceTree = "<group>"; };
		BD03AF842562204900636DDE /* User.swift */ = {isa = PBXFileReference; lastKnownFileType = sourcecode.swift; path = User.swift; sourceTree = "<group>"; };
		BD03AF942562281800636DDE /* CartResource.swift */ = {isa = PBXFileReference; lastKnownFileType = sourcecode.swift; path = CartResource.swift; sourceTree = "<group>"; };
		BD03AF9A2562282400636DDE /* UserResource.swift */ = {isa = PBXFileReference; lastKnownFileType = sourcecode.swift; path = UserResource.swift; sourceTree = "<group>"; };
		BD0B08E22517F96300F9B3A9 /* ProductDescription.swift */ = {isa = PBXFileReference; lastKnownFileType = sourcecode.swift; path = ProductDescription.swift; sourceTree = "<group>"; };
		BD0B08E62519BE8400F9B3A9 /* CartModel.swift */ = {isa = PBXFileReference; lastKnownFileType = sourcecode.swift; path = CartModel.swift; sourceTree = "<group>"; };
		BD4CA2F4255BA8D6007AE3E5 /* Cart.swift */ = {isa = PBXFileReference; lastKnownFileType = sourcecode.swift; path = Cart.swift; sourceTree = "<group>"; };
		BD527717251B02D5002CE217 /* AsyncImage.swift */ = {isa = PBXFileReference; lastKnownFileType = sourcecode.swift; path = AsyncImage.swift; sourceTree = "<group>"; };
		BD7AF9D224E9B5BB00450FC1 /* PLPTask.swift */ = {isa = PBXFileReference; lastKnownFileType = sourcecode.swift; path = PLPTask.swift; sourceTree = "<group>"; };
		BD7AF9D624EA0DB400450FC1 /* ImageCache.swift */ = {isa = PBXFileReference; lastKnownFileType = sourcecode.swift; path = ImageCache.swift; sourceTree = "<group>"; };
		BD7AF9DA24FB6C0600450FC1 /* Account.swift */ = {isa = PBXFileReference; lastKnownFileType = sourcecode.swift; path = Account.swift; sourceTree = "<group>"; };
		BD9A14E42545977F00785712 /* AccountManager.swift */ = {isa = PBXFileReference; lastKnownFileType = sourcecode.swift; path = AccountManager.swift; sourceTree = "<group>"; };
		BD9A14E925459D0200785712 /* Launch.swift */ = {isa = PBXFileReference; lastKnownFileType = sourcecode.swift; path = Launch.swift; sourceTree = "<group>"; };
		BD9A14F025459E9600785712 /* SignIn.swift */ = {isa = PBXFileReference; lastKnownFileType = sourcecode.swift; path = SignIn.swift; sourceTree = "<group>"; };
		BD9A14F72545A3FE00785712 /* KvShoppingInSwifUI.entitlements */ = {isa = PBXFileReference; lastKnownFileType = text.plist.entitlements; path = KvShoppingInSwifUI.entitlements; sourceTree = "<group>"; };
		BDA1E2F024E0E418005EB4ED /* PLPViewModel.swift */ = {isa = PBXFileReference; lastKnownFileType = sourcecode.swift; path = PLPViewModel.swift; sourceTree = "<group>"; };
		BDA1E2F224E0E5EA005EB4ED /* PLPItemView.swift */ = {isa = PBXFileReference; lastKnownFileType = sourcecode.swift; path = PLPItemView.swift; sourceTree = "<group>"; };
		BDA1E2F424E0EA4F005EB4ED /* PLPProduct.swift */ = {isa = PBXFileReference; lastKnownFileType = sourcecode.swift; path = PLPProduct.swift; sourceTree = "<group>"; };
		BDB4CD7624D66D370018A141 /* KvShoppingInSwifUI.app */ = {isa = PBXFileReference; explicitFileType = wrapper.application; includeInIndex = 0; path = KvShoppingInSwifUI.app; sourceTree = BUILT_PRODUCTS_DIR; };
		BDB4CD7924D66D370018A141 /* AppMain.swift */ = {isa = PBXFileReference; lastKnownFileType = sourcecode.swift; path = AppMain.swift; sourceTree = "<group>"; };
		BDB4CD7D24D66D370018A141 /* ContentView.swift */ = {isa = PBXFileReference; lastKnownFileType = sourcecode.swift; path = ContentView.swift; sourceTree = "<group>"; };
		BDB4CD7F24D66D3B0018A141 /* Assets.xcassets */ = {isa = PBXFileReference; lastKnownFileType = folder.assetcatalog; path = Assets.xcassets; sourceTree = "<group>"; };
		BDB4CD8224D66D3B0018A141 /* Preview Assets.xcassets */ = {isa = PBXFileReference; lastKnownFileType = folder.assetcatalog; path = "Preview Assets.xcassets"; sourceTree = "<group>"; };
		BDB4CD8524D66D3B0018A141 /* Base */ = {isa = PBXFileReference; lastKnownFileType = file.storyboard; name = Base; path = Base.lproj/LaunchScreen.storyboard; sourceTree = "<group>"; };
		BDB4CD8724D66D3B0018A141 /* Info.plist */ = {isa = PBXFileReference; lastKnownFileType = text.plist.xml; path = Info.plist; sourceTree = "<group>"; };
		BDB4CD8C24D66D3B0018A141 /* KvShoppingInSwifUITests.xctest */ = {isa = PBXFileReference; explicitFileType = wrapper.cfbundle; includeInIndex = 0; path = KvShoppingInSwifUITests.xctest; sourceTree = BUILT_PRODUCTS_DIR; };
		BDB4CD9024D66D3B0018A141 /* KvShoppingInSwifUITests.swift */ = {isa = PBXFileReference; lastKnownFileType = sourcecode.swift; path = KvShoppingInSwifUITests.swift; sourceTree = "<group>"; };
		BDB4CD9224D66D3B0018A141 /* Info.plist */ = {isa = PBXFileReference; lastKnownFileType = text.plist.xml; path = Info.plist; sourceTree = "<group>"; };
		BDB4CD9F24D66D9C0018A141 /* PLPView.swift */ = {isa = PBXFileReference; lastKnownFileType = sourcecode.swift; path = PLPView.swift; sourceTree = "<group>"; };
		BDB4CDA124D66DA80018A141 /* PDPView.swift */ = {isa = PBXFileReference; lastKnownFileType = sourcecode.swift; path = PDPView.swift; sourceTree = "<group>"; };
		BDB4CDA324D66DCF0018A141 /* ShoppingBrowse.swift */ = {isa = PBXFileReference; lastKnownFileType = sourcecode.swift; path = ShoppingBrowse.swift; sourceTree = "<group>"; };
		BDB4CDA524D66DE20018A141 /* CartView.swift */ = {isa = PBXFileReference; lastKnownFileType = sourcecode.swift; path = CartView.swift; sourceTree = "<group>"; };
		BDB4CDA724D66DED0018A141 /* Checkout.swift */ = {isa = PBXFileReference; lastKnownFileType = sourcecode.swift; path = Checkout.swift; sourceTree = "<group>"; };
		BDE8CA2625073C72000F21DA /* ImageCarousel.swift */ = {isa = PBXFileReference; lastKnownFileType = sourcecode.swift; path = ImageCarousel.swift; sourceTree = "<group>"; };
		BDE8CA28250DAB9A000F21DA /* ProductPlacard.swift */ = {isa = PBXFileReference; lastKnownFileType = sourcecode.swift; path = ProductPlacard.swift; sourceTree = "<group>"; };
		BDE8CA2A250DABA9000F21DA /* QuantityPicker.swift */ = {isa = PBXFileReference; lastKnownFileType = sourcecode.swift; path = QuantityPicker.swift; sourceTree = "<group>"; };
		BDE8CA2C250DABB2000F21DA /* ColorSelector.swift */ = {isa = PBXFileReference; lastKnownFileType = sourcecode.swift; path = ColorSelector.swift; sourceTree = "<group>"; };
		BDE8CA2E250DABBA000F21DA /* SizeSelector.swift */ = {isa = PBXFileReference; lastKnownFileType = sourcecode.swift; path = SizeSelector.swift; sourceTree = "<group>"; };
		BDE8CA30250DABCE000F21DA /* AddToCartView.swift */ = {isa = PBXFileReference; lastKnownFileType = sourcecode.swift; path = AddToCartView.swift; sourceTree = "<group>"; };
		BDE8CA32250DAE94000F21DA /* PDPTask.swift */ = {isa = PBXFileReference; lastKnownFileType = sourcecode.swift; path = PDPTask.swift; sourceTree = "<group>"; };
		BDE8CA34250DAECE000F21DA /* PDPProduct.swift */ = {isa = PBXFileReference; lastKnownFileType = sourcecode.swift; path = PDPProduct.swift; sourceTree = "<group>"; };
/* End PBXFileReference section */

/* Begin PBXFrameworksBuildPhase section */
		BDB4CD7324D66D370018A141 /* Frameworks */ = {
			isa = PBXFrameworksBuildPhase;
			buildActionMask = 2147483647;
			files = (
			);
			runOnlyForDeploymentPostprocessing = 0;
		};
		BDB4CD8924D66D3B0018A141 /* Frameworks */ = {
			isa = PBXFrameworksBuildPhase;
			buildActionMask = 2147483647;
			files = (
			);
			runOnlyForDeploymentPostprocessing = 0;
		};
/* End PBXFrameworksBuildPhase section */

/* Begin PBXGroup section */
		BD03AF932562280400636DDE /* ShoppingResources */ = {
			isa = PBXGroup;
			children = (
				BD03AF942562281800636DDE /* CartResource.swift */,
				BD03AF9A2562282400636DDE /* UserResource.swift */,
			);
			path = ShoppingResources;
			sourceTree = "<group>";
		};
		BD527716251B0186002CE217 /* Common Views */ = {
			isa = PBXGroup;
			children = (
				BD527717251B02D5002CE217 /* AsyncImage.swift */,
			);
			path = "Common Views";
			sourceTree = "<group>";
		};
		BD7AF9D124E9B5AB00450FC1 /* Networking */ = {
			isa = PBXGroup;
			children = (
				BD7AF9D224E9B5BB00450FC1 /* PLPTask.swift */,
				BD7AF9D624EA0DB400450FC1 /* ImageCache.swift */,
				BDE8CA32250DAE94000F21DA /* PDPTask.swift */,
			);
			path = Networking;
			sourceTree = "<group>";
		};
		BD9A14E825459CF400785712 /* Launch */ = {
			isa = PBXGroup;
			children = (
				BD9A14E925459D0200785712 /* Launch.swift */,
			);
			path = Launch;
			sourceTree = "<group>";
		};
		BD9A14EF25459E8D00785712 /* SignIn */ = {
			isa = PBXGroup;
			children = (
				BD9A14F025459E9600785712 /* SignIn.swift */,
			);
			path = SignIn;
			sourceTree = "<group>";
		};
		BDA1E2EB24E0DEB2005EB4ED /* App */ = {
			isa = PBXGroup;
			children = (
				BDB4CD7F24D66D3B0018A141 /* Assets.xcassets */,
				BDB4CD8424D66D3B0018A141 /* LaunchScreen.storyboard */,
				BDB4CD7D24D66D370018A141 /* ContentView.swift */,
				BDB4CD7924D66D370018A141 /* AppMain.swift */,
			);
			path = App;
			sourceTree = "<group>";
		};
		BDA1E2EC24E0DEF1005EB4ED /* PLP */ = {
			isa = PBXGroup;
			children = (
				BDB4CD9F24D66D9C0018A141 /* PLPView.swift */,
				BDA1E2F024E0E418005EB4ED /* PLPViewModel.swift */,
				BDA1E2F224E0E5EA005EB4ED /* PLPItemView.swift */,
				BDA1E2F424E0EA4F005EB4ED /* PLPProduct.swift */,
			);
			path = PLP;
			sourceTree = "<group>";
		};
		BDA1E2ED24E0DEF9005EB4ED /* PDP */ = {
			isa = PBXGroup;
			children = (
				BDB4CDA124D66DA80018A141 /* PDPView.swift */,
				BDE8CA2625073C72000F21DA /* ImageCarousel.swift */,
				BDE8CA28250DAB9A000F21DA /* ProductPlacard.swift */,
				BDE8CA2A250DABA9000F21DA /* QuantityPicker.swift */,
				BDE8CA2C250DABB2000F21DA /* ColorSelector.swift */,
				BDE8CA2E250DABBA000F21DA /* SizeSelector.swift */,
				BDE8CA30250DABCE000F21DA /* AddToCartView.swift */,
				BDE8CA34250DAECE000F21DA /* PDPProduct.swift */,
				BD0B08E22517F96300F9B3A9 /* ProductDescription.swift */,
			);
			path = PDP;
			sourceTree = "<group>";
		};
		BDA1E2EE24E0DF0C005EB4ED /* ShopHome */ = {
			isa = PBXGroup;
			children = (
				BDB4CDA324D66DCF0018A141 /* ShoppingBrowse.swift */,
			);
			path = ShopHome;
			sourceTree = "<group>";
		};
		BDA1E2EF24E0DF26005EB4ED /* CartCheckout */ = {
			isa = PBXGroup;
			children = (
				BDB4CDA524D66DE20018A141 /* CartView.swift */,
				BDB4CDA724D66DED0018A141 /* Checkout.swift */,
				BD0B08E62519BE8400F9B3A9 /* CartModel.swift */,
				BD4CA2F4255BA8D6007AE3E5 /* Cart.swift */,
			);
			path = CartCheckout;
			sourceTree = "<group>";
		};
		BDA1E2F624E0EB24005EB4ED /* User */ = {
			isa = PBXGroup;
			children = (
				BD7AF9DA24FB6C0600450FC1 /* Account.swift */,
				BD9A14E42545977F00785712 /* AccountManager.swift */,
				BD03AF80256215BE00636DDE /* UserBlob.json */,
				BD03AF842562204900636DDE /* User.swift */,
			);
			path = User;
			sourceTree = "<group>";
		};
		BDA1E2F724E0EB2E005EB4ED /* Account */ = {
			isa = PBXGroup;
			children = (
				BDA1E2F624E0EB24005EB4ED /* User */,
			);
			path = Account;
			sourceTree = "<group>";
		};
		BDB4CD6D24D66D370018A141 = {
			isa = PBXGroup;
			children = (
				BDB4CD7824D66D370018A141 /* KvShoppingInSwifUI */,
				BDB4CD8F24D66D3B0018A141 /* KvShoppingInSwifUITests */,
				BDB4CD7724D66D370018A141 /* Products */,
			);
			sourceTree = "<group>";
		};
		BDB4CD7724D66D370018A141 /* Products */ = {
			isa = PBXGroup;
			children = (
				BDB4CD7624D66D370018A141 /* KvShoppingInSwifUI.app */,
				BDB4CD8C24D66D3B0018A141 /* KvShoppingInSwifUITests.xctest */,
			);
			name = Products;
			sourceTree = "<group>";
		};
		BDB4CD7824D66D370018A141 /* KvShoppingInSwifUI */ = {
			isa = PBXGroup;
			children = (
				BD03AF932562280400636DDE /* ShoppingResources */,
				BD9A14F72545A3FE00785712 /* KvShoppingInSwifUI.entitlements */,
				BD9A14EF25459E8D00785712 /* SignIn */,
				BD9A14E825459CF400785712 /* Launch */,
				BD527716251B0186002CE217 /* Common Views */,
				BD7AF9D124E9B5AB00450FC1 /* Networking */,
				BDA1E2F724E0EB2E005EB4ED /* Account */,
				BDA1E2EF24E0DF26005EB4ED /* CartCheckout */,
				BDA1E2EE24E0DF0C005EB4ED /* ShopHome */,
				BDA1E2ED24E0DEF9005EB4ED /* PDP */,
				BDA1E2EC24E0DEF1005EB4ED /* PLP */,
				BDA1E2EB24E0DEB2005EB4ED /* App */,
				BDB4CD8724D66D3B0018A141 /* Info.plist */,
				BDB4CD8124D66D3B0018A141 /* Preview Content */,
			);
			path = KvShoppingInSwifUI;
			sourceTree = "<group>";
		};
		BDB4CD8124D66D3B0018A141 /* Preview Content */ = {
			isa = PBXGroup;
			children = (
				BDB4CD8224D66D3B0018A141 /* Preview Assets.xcassets */,
			);
			path = "Preview Content";
			sourceTree = "<group>";
		};
		BDB4CD8F24D66D3B0018A141 /* KvShoppingInSwifUITests */ = {
			isa = PBXGroup;
			children = (
				BDB4CD9024D66D3B0018A141 /* KvShoppingInSwifUITests.swift */,
				BDB4CD9224D66D3B0018A141 /* Info.plist */,
			);
			path = KvShoppingInSwifUITests;
			sourceTree = "<group>";
		};
/* End PBXGroup section */

/* Begin PBXNativeTarget section */
		BDB4CD7524D66D370018A141 /* KvShoppingInSwifUI */ = {
			isa = PBXNativeTarget;
			buildConfigurationList = BDB4CD9524D66D3B0018A141 /* Build configuration list for PBXNativeTarget "KvShoppingInSwifUI" */;
			buildPhases = (
				BDB4CD7224D66D370018A141 /* Sources */,
				BDB4CD7324D66D370018A141 /* Frameworks */,
				BDB4CD7424D66D370018A141 /* Resources */,
			);
			buildRules = (
			);
			dependencies = (
			);
			name = KvShoppingInSwifUI;
			productName = KvShoppingInSwifUI;
			productReference = BDB4CD7624D66D370018A141 /* KvShoppingInSwifUI.app */;
			productType = "com.apple.product-type.application";
		};
		BDB4CD8B24D66D3B0018A141 /* KvShoppingInSwifUITests */ = {
			isa = PBXNativeTarget;
			buildConfigurationList = BDB4CD9824D66D3B0018A141 /* Build configuration list for PBXNativeTarget "KvShoppingInSwifUITests" */;
			buildPhases = (
				BDB4CD8824D66D3B0018A141 /* Sources */,
				BDB4CD8924D66D3B0018A141 /* Frameworks */,
				BDB4CD8A24D66D3B0018A141 /* Resources */,
			);
			buildRules = (
			);
			dependencies = (
				BDB4CD8E24D66D3B0018A141 /* PBXTargetDependency */,
			);
			name = KvShoppingInSwifUITests;
			productName = KvShoppingInSwifUITests;
			productReference = BDB4CD8C24D66D3B0018A141 /* KvShoppingInSwifUITests.xctest */;
			productType = "com.apple.product-type.bundle.unit-test";
		};
/* End PBXNativeTarget section */

/* Begin PBXProject section */
		BDB4CD6E24D66D370018A141 /* Project object */ = {
			isa = PBXProject;
			attributes = {
				LastSwiftUpdateCheck = 1160;
				LastUpgradeCheck = 1200;
				ORGANIZATIONNAME = "Kevin Taniguchi";
				TargetAttributes = {
					BDB4CD7524D66D370018A141 = {
						CreatedOnToolsVersion = 11.6;
					};
					BDB4CD8B24D66D3B0018A141 = {
						CreatedOnToolsVersion = 11.6;
						TestTargetID = BDB4CD7524D66D370018A141;
					};
				};
			};
			buildConfigurationList = BDB4CD7124D66D370018A141 /* Build configuration list for PBXProject "KvShoppingInSwifUI" */;
			compatibilityVersion = "Xcode 9.3";
			developmentRegion = en;
			hasScannedForEncodings = 0;
			knownRegions = (
				en,
				Base,
			);
			mainGroup = BDB4CD6D24D66D370018A141;
			productRefGroup = BDB4CD7724D66D370018A141 /* Products */;
			projectDirPath = "";
			projectRoot = "";
			targets = (
				BDB4CD7524D66D370018A141 /* KvShoppingInSwifUI */,
				BDB4CD8B24D66D3B0018A141 /* KvShoppingInSwifUITests */,
			);
		};
/* End PBXProject section */

/* Begin PBXResourcesBuildPhase section */
		BDB4CD7424D66D370018A141 /* Resources */ = {
			isa = PBXResourcesBuildPhase;
			buildActionMask = 2147483647;
			files = (
				BDB4CD8624D66D3B0018A141 /* LaunchScreen.storyboard in Resources */,
				BDB4CD8324D66D3B0018A141 /* Preview Assets.xcassets in Resources */,
				BD03AF81256215BE00636DDE /* UserBlob.json in Resources */,
				BDB4CD8024D66D3B0018A141 /* Assets.xcassets in Resources */,
			);
			runOnlyForDeploymentPostprocessing = 0;
		};
		BDB4CD8A24D66D3B0018A141 /* Resources */ = {
			isa = PBXResourcesBuildPhase;
			buildActionMask = 2147483647;
			files = (
			);
			runOnlyForDeploymentPostprocessing = 0;
		};
/* End PBXResourcesBuildPhase section */

/* Begin PBXSourcesBuildPhase section */
		BDB4CD7224D66D370018A141 /* Sources */ = {
			isa = PBXSourcesBuildPhase;
			buildActionMask = 2147483647;
			files = (
				BDB4CD7A24D66D370018A141 /* AppMain.swift in Sources */,
				BD03AF9B2562282400636DDE /* UserResource.swift in Sources */,
				BDA1E2F324E0E5EA005EB4ED /* PLPItemView.swift in Sources */,
				BDA1E2F524E0EA4F005EB4ED /* PLPProduct.swift in Sources */,
				BD4CA2F5255BA8D6007AE3E5 /* Cart.swift in Sources */,
				BD7AF9D324E9B5BB00450FC1 /* PLPTask.swift in Sources */,
				BDE8CA35250DAECE000F21DA /* PDPProduct.swift in Sources */,
				BD527718251B02D5002CE217 /* AsyncImage.swift in Sources */,
				BDE8CA2D250DABB2000F21DA /* ColorSelector.swift in Sources */,
				BD03AF852562204900636DDE /* User.swift in Sources */,
				BDA1E2F124E0E418005EB4ED /* PLPViewModel.swift in Sources */,
				BDB4CD7E24D66D370018A141 /* ContentView.swift in Sources */,
				BDE8CA29250DAB9A000F21DA /* ProductPlacard.swift in Sources */,
				BD9A14EA25459D0200785712 /* Launch.swift in Sources */,
				BDB4CDA624D66DE20018A141 /* CartView.swift in Sources */,
				BDE8CA33250DAE94000F21DA /* PDPTask.swift in Sources */,
				BDB4CDA424D66DCF0018A141 /* ShoppingBrowse.swift in Sources */,
				BD0B08E32517F96400F9B3A9 /* ProductDescription.swift in Sources */,
				BD03AF952562281800636DDE /* CartResource.swift in Sources */,
				BDB4CDA224D66DA80018A141 /* PDPView.swift in Sources */,
				BD9A14E52545977F00785712 /* AccountManager.swift in Sources */,
				BDB4CDA024D66D9C0018A141 /* PLPView.swift in Sources */,
				BD7AF9D724EA0DB400450FC1 /* ImageCache.swift in Sources */,
				BD9A14F125459E9600785712 /* SignIn.swift in Sources */,
				BDE8CA2725073C72000F21DA /* ImageCarousel.swift in Sources */,
				BDE8CA31250DABCE000F21DA /* AddToCartView.swift in Sources */,
				BDE8CA2F250DABBA000F21DA /* SizeSelector.swift in Sources */,
				BDE8CA2B250DABA9000F21DA /* QuantityPicker.swift in Sources */,
				BD0B08E72519BE8400F9B3A9 /* CartModel.swift in Sources */,
				BDB4CDA824D66DED0018A141 /* Checkout.swift in Sources */,
				BD7AF9DB24FB6C0600450FC1 /* Account.swift in Sources */,
			);
			runOnlyForDeploymentPostprocessing = 0;
		};
		BDB4CD8824D66D3B0018A141 /* Sources */ = {
			isa = PBXSourcesBuildPhase;
			buildActionMask = 2147483647;
			files = (
				BDB4CD9124D66D3B0018A141 /* KvShoppingInSwifUITests.swift in Sources */,
			);
			runOnlyForDeploymentPostprocessing = 0;
		};
/* End PBXSourcesBuildPhase section */

/* Begin PBXTargetDependency section */
		BDB4CD8E24D66D3B0018A141 /* PBXTargetDependency */ = {
			isa = PBXTargetDependency;
			target = BDB4CD7524D66D370018A141 /* KvShoppingInSwifUI */;
			targetProxy = BDB4CD8D24D66D3B0018A141 /* PBXContainerItemProxy */;
		};
/* End PBXTargetDependency section */

/* Begin PBXVariantGroup section */
		BDB4CD8424D66D3B0018A141 /* LaunchScreen.storyboard */ = {
			isa = PBXVariantGroup;
			children = (
				BDB4CD8524D66D3B0018A141 /* Base */,
			);
			name = LaunchScreen.storyboard;
			sourceTree = "<group>";
		};
/* End PBXVariantGroup section */

/* Begin XCBuildConfiguration section */
		BDB4CD9324D66D3B0018A141 /* Debug */ = {
			isa = XCBuildConfiguration;
			buildSettings = {
				ALWAYS_SEARCH_USER_PATHS = NO;
				CLANG_ANALYZER_NONNULL = YES;
				CLANG_ANALYZER_NUMBER_OBJECT_CONVERSION = YES_AGGRESSIVE;
				CLANG_CXX_LANGUAGE_STANDARD = "gnu++14";
				CLANG_CXX_LIBRARY = "libc++";
				CLANG_ENABLE_MODULES = YES;
				CLANG_ENABLE_OBJC_ARC = YES;
				CLANG_ENABLE_OBJC_WEAK = YES;
				CLANG_WARN_BLOCK_CAPTURE_AUTORELEASING = YES;
				CLANG_WARN_BOOL_CONVERSION = YES;
				CLANG_WARN_COMMA = YES;
				CLANG_WARN_CONSTANT_CONVERSION = YES;
				CLANG_WARN_DEPRECATED_OBJC_IMPLEMENTATIONS = YES;
				CLANG_WARN_DIRECT_OBJC_ISA_USAGE = YES_ERROR;
				CLANG_WARN_DOCUMENTATION_COMMENTS = YES;
				CLANG_WARN_EMPTY_BODY = YES;
				CLANG_WARN_ENUM_CONVERSION = YES;
				CLANG_WARN_INFINITE_RECURSION = YES;
				CLANG_WARN_INT_CONVERSION = YES;
				CLANG_WARN_NON_LITERAL_NULL_CONVERSION = YES;
				CLANG_WARN_OBJC_IMPLICIT_RETAIN_SELF = YES;
				CLANG_WARN_OBJC_LITERAL_CONVERSION = YES;
				CLANG_WARN_OBJC_ROOT_CLASS = YES_ERROR;
				CLANG_WARN_QUOTED_INCLUDE_IN_FRAMEWORK_HEADER = YES;
				CLANG_WARN_RANGE_LOOP_ANALYSIS = YES;
				CLANG_WARN_STRICT_PROTOTYPES = YES;
				CLANG_WARN_SUSPICIOUS_MOVE = YES;
				CLANG_WARN_UNGUARDED_AVAILABILITY = YES_AGGRESSIVE;
				CLANG_WARN_UNREACHABLE_CODE = YES;
				CLANG_WARN__DUPLICATE_METHOD_MATCH = YES;
				COPY_PHASE_STRIP = NO;
				DEBUG_INFORMATION_FORMAT = dwarf;
				ENABLE_STRICT_OBJC_MSGSEND = YES;
				ENABLE_TESTABILITY = YES;
				GCC_C_LANGUAGE_STANDARD = gnu11;
				GCC_DYNAMIC_NO_PIC = NO;
				GCC_NO_COMMON_BLOCKS = YES;
				GCC_OPTIMIZATION_LEVEL = 0;
				GCC_PREPROCESSOR_DEFINITIONS = (
					"DEBUG=1",
					"$(inherited)",
				);
				GCC_WARN_64_TO_32_BIT_CONVERSION = YES;
				GCC_WARN_ABOUT_RETURN_TYPE = YES_ERROR;
				GCC_WARN_UNDECLARED_SELECTOR = YES;
				GCC_WARN_UNINITIALIZED_AUTOS = YES_AGGRESSIVE;
				GCC_WARN_UNUSED_FUNCTION = YES;
				GCC_WARN_UNUSED_VARIABLE = YES;
				IPHONEOS_DEPLOYMENT_TARGET = 14.0;
				MTL_ENABLE_DEBUG_INFO = INCLUDE_SOURCE;
				MTL_FAST_MATH = YES;
				ONLY_ACTIVE_ARCH = YES;
				SDKROOT = iphoneos;
				SWIFT_ACTIVE_COMPILATION_CONDITIONS = DEBUG;
				SWIFT_OPTIMIZATION_LEVEL = "-Onone";
			};
			name = Debug;
		};
		BDB4CD9424D66D3B0018A141 /* Release */ = {
			isa = XCBuildConfiguration;
			buildSettings = {
				ALWAYS_SEARCH_USER_PATHS = NO;
				CLANG_ANALYZER_NONNULL = YES;
				CLANG_ANALYZER_NUMBER_OBJECT_CONVERSION = YES_AGGRESSIVE;
				CLANG_CXX_LANGUAGE_STANDARD = "gnu++14";
				CLANG_CXX_LIBRARY = "libc++";
				CLANG_ENABLE_MODULES = YES;
				CLANG_ENABLE_OBJC_ARC = YES;
				CLANG_ENABLE_OBJC_WEAK = YES;
				CLANG_WARN_BLOCK_CAPTURE_AUTORELEASING = YES;
				CLANG_WARN_BOOL_CONVERSION = YES;
				CLANG_WARN_COMMA = YES;
				CLANG_WARN_CONSTANT_CONVERSION = YES;
				CLANG_WARN_DEPRECATED_OBJC_IMPLEMENTATIONS = YES;
				CLANG_WARN_DIRECT_OBJC_ISA_USAGE = YES_ERROR;
				CLANG_WARN_DOCUMENTATION_COMMENTS = YES;
				CLANG_WARN_EMPTY_BODY = YES;
				CLANG_WARN_ENUM_CONVERSION = YES;
				CLANG_WARN_INFINITE_RECURSION = YES;
				CLANG_WARN_INT_CONVERSION = YES;
				CLANG_WARN_NON_LITERAL_NULL_CONVERSION = YES;
				CLANG_WARN_OBJC_IMPLICIT_RETAIN_SELF = YES;
				CLANG_WARN_OBJC_LITERAL_CONVERSION = YES;
				CLANG_WARN_OBJC_ROOT_CLASS = YES_ERROR;
				CLANG_WARN_QUOTED_INCLUDE_IN_FRAMEWORK_HEADER = YES;
				CLANG_WARN_RANGE_LOOP_ANALYSIS = YES;
				CLANG_WARN_STRICT_PROTOTYPES = YES;
				CLANG_WARN_SUSPICIOUS_MOVE = YES;
				CLANG_WARN_UNGUARDED_AVAILABILITY = YES_AGGRESSIVE;
				CLANG_WARN_UNREACHABLE_CODE = YES;
				CLANG_WARN__DUPLICATE_METHOD_MATCH = YES;
				COPY_PHASE_STRIP = NO;
				DEBUG_INFORMATION_FORMAT = "dwarf-with-dsym";
				ENABLE_NS_ASSERTIONS = NO;
				ENABLE_STRICT_OBJC_MSGSEND = YES;
				GCC_C_LANGUAGE_STANDARD = gnu11;
				GCC_NO_COMMON_BLOCKS = YES;
				GCC_WARN_64_TO_32_BIT_CONVERSION = YES;
				GCC_WARN_ABOUT_RETURN_TYPE = YES_ERROR;
				GCC_WARN_UNDECLARED_SELECTOR = YES;
				GCC_WARN_UNINITIALIZED_AUTOS = YES_AGGRESSIVE;
				GCC_WARN_UNUSED_FUNCTION = YES;
				GCC_WARN_UNUSED_VARIABLE = YES;
				IPHONEOS_DEPLOYMENT_TARGET = 14.0;
				MTL_ENABLE_DEBUG_INFO = NO;
				MTL_FAST_MATH = YES;
				SDKROOT = iphoneos;
				SWIFT_COMPILATION_MODE = wholemodule;
				SWIFT_OPTIMIZATION_LEVEL = "-O";
				VALIDATE_PRODUCT = YES;
			};
			name = Release;
		};
		BDB4CD9624D66D3B0018A141 /* Debug */ = {
			isa = XCBuildConfiguration;
			buildSettings = {
				ASSETCATALOG_COMPILER_APPICON_NAME = AppIcon;
				CODE_SIGN_ENTITLEMENTS = KvShoppingInSwifUI/KvShoppingInSwifUI.entitlements;
				CODE_SIGN_STYLE = Automatic;
				DEVELOPMENT_ASSET_PATHS = "\"KvShoppingInSwifUI/Preview Content\"";
				DEVELOPMENT_TEAM = 3B3FT42G96;
				ENABLE_PREVIEWS = YES;
				INFOPLIST_FILE = KvShoppingInSwifUI/Info.plist;
				LD_RUNPATH_SEARCH_PATHS = (
					"$(inherited)",
					"@executable_path/Frameworks",
				);
				PRODUCT_BUNDLE_IDENTIFIER = com.Taniguchi.KvShoppingInSwifUI;
				PRODUCT_NAME = "$(TARGET_NAME)";
				SWIFT_VERSION = 5.0;
				TARGETED_DEVICE_FAMILY = "1,2";
			};
			name = Debug;
		};
		BDB4CD9724D66D3B0018A141 /* Release */ = {
			isa = XCBuildConfiguration;
			buildSettings = {
				ASSETCATALOG_COMPILER_APPICON_NAME = AppIcon;
				CODE_SIGN_ENTITLEMENTS = KvShoppingInSwifUI/KvShoppingInSwifUI.entitlements;
				CODE_SIGN_STYLE = Automatic;
				DEVELOPMENT_ASSET_PATHS = "\"KvShoppingInSwifUI/Preview Content\"";
				DEVELOPMENT_TEAM = 3B3FT42G96;
				ENABLE_PREVIEWS = YES;
				INFOPLIST_FILE = KvShoppingInSwifUI/Info.plist;
				LD_RUNPATH_SEARCH_PATHS = (
					"$(inherited)",
					"@executable_path/Frameworks",
				);
				PRODUCT_BUNDLE_IDENTIFIER = com.Taniguchi.KvShoppingInSwifUI;
				PRODUCT_NAME = "$(TARGET_NAME)";
				SWIFT_VERSION = 5.0;
				TARGETED_DEVICE_FAMILY = "1,2";
			};
			name = Release;
		};
		BDB4CD9924D66D3B0018A141 /* Debug */ = {
			isa = XCBuildConfiguration;
			buildSettings = {
				ALWAYS_EMBED_SWIFT_STANDARD_LIBRARIES = YES;
				BUNDLE_LOADER = "$(TEST_HOST)";
				CODE_SIGN_STYLE = Automatic;
				DEVELOPMENT_TEAM = 3B3FT42G96;
				INFOPLIST_FILE = KvShoppingInSwifUITests/Info.plist;
				IPHONEOS_DEPLOYMENT_TARGET = 13.6;
				LD_RUNPATH_SEARCH_PATHS = (
					"$(inherited)",
					"@executable_path/Frameworks",
					"@loader_path/Frameworks",
				);
				PRODUCT_BUNDLE_IDENTIFIER = com.Taniguchi.KvShoppingInSwifUITests;
				PRODUCT_NAME = "$(TARGET_NAME)";
				SWIFT_VERSION = 5.0;
				TARGETED_DEVICE_FAMILY = "1,2";
				TEST_HOST = "$(BUILT_PRODUCTS_DIR)/KvShoppingInSwifUI.app/KvShoppingInSwifUI";
			};
			name = Debug;
		};
		BDB4CD9A24D66D3B0018A141 /* Release */ = {
			isa = XCBuildConfiguration;
			buildSettings = {
				ALWAYS_EMBED_SWIFT_STANDARD_LIBRARIES = YES;
				BUNDLE_LOADER = "$(TEST_HOST)";
				CODE_SIGN_STYLE = Automatic;
				DEVELOPMENT_TEAM = 3B3FT42G96;
				INFOPLIST_FILE = KvShoppingInSwifUITests/Info.plist;
				IPHONEOS_DEPLOYMENT_TARGET = 13.6;
				LD_RUNPATH_SEARCH_PATHS = (
					"$(inherited)",
					"@executable_path/Frameworks",
					"@loader_path/Frameworks",
				);
				PRODUCT_BUNDLE_IDENTIFIER = com.Taniguchi.KvShoppingInSwifUITests;
				PRODUCT_NAME = "$(TARGET_NAME)";
				SWIFT_VERSION = 5.0;
				TARGETED_DEVICE_FAMILY = "1,2";
				TEST_HOST = "$(BUILT_PRODUCTS_DIR)/KvShoppingInSwifUI.app/KvShoppingInSwifUI";
			};
			name = Release;
		};
/* End XCBuildConfiguration section */

/* Begin XCConfigurationList section */
		BDB4CD7124D66D370018A141 /* Build configuration list for PBXProject "KvShoppingInSwifUI" */ = {
			isa = XCConfigurationList;
			buildConfigurations = (
				BDB4CD9324D66D3B0018A141 /* Debug */,
				BDB4CD9424D66D3B0018A141 /* Release */,
			);
			defaultConfigurationIsVisible = 0;
			defaultConfigurationName = Release;
		};
		BDB4CD9524D66D3B0018A141 /* Build configuration list for PBXNativeTarget "KvShoppingInSwifUI" */ = {
			isa = XCConfigurationList;
			buildConfigurations = (
				BDB4CD9624D66D3B0018A141 /* Debug */,
				BDB4CD9724D66D3B0018A141 /* Release */,
			);
			defaultConfigurationIsVisible = 0;
			defaultConfigurationName = Release;
		};
		BDB4CD9824D66D3B0018A141 /* Build configuration list for PBXNativeTarget "KvShoppingInSwifUITests" */ = {
			isa = XCConfigurationList;
			buildConfigurations = (
				BDB4CD9924D66D3B0018A141 /* Debug */,
				BDB4CD9A24D66D3B0018A141 /* Release */,
			);
			defaultConfigurationIsVisible = 0;
			defaultConfigurationName = Release;
		};
/* End XCConfigurationList section */
	};
	rootObject = BDB4CD6E24D66D370018A141 /* Project object */;
}
